
Microsoft Visual Studio Solution File, Format Version 12.00
# Visual Studio Version 16
VisualStudioVersion = 16.0.29009.5
MinimumVisualStudioVersion = 10.0.40219.1
Project("{FAE04EC0-301F-11D3-BF4B-00C04F79EFBC}") = "15.07.19Delegate", "15.07.19Delegate\15.07.19Delegate.csproj", "{A4651AFF-6105-4463-95AF-F24274DC5091}"
EndProject
Global
	GlobalSection(SolutionConfigurationPlatforms) = preSolution
		Debug|Any CPU = Debug|Any CPU
		Release|Any CPU = Release|Any CPU
	EndGlobalSection
	GlobalSection(ProjectConfigurationPlatforms) = postSolution
		{A4651AFF-6105-4463-95AF-F24274DC5091}.Debug|Any CPU.ActiveCfg = Debug|Any CPU
		{A4651AFF-6105-4463-95AF-F24274DC5091}.Debug|Any CPU.Build.0 = Debug|Any CPU
		{A4651AFF-6105-4463-95AF-F24274DC5091}.Release|Any CPU.ActiveCfg = Release|Any CPU
		{A4651AFF-6105-4463-95AF-F24274DC5091}.Release|Any CPU.Build.0 = Release|Any CPU
	EndGlobalSection
	GlobalSection(SolutionProperties) = preSolution
		HideSolutionNode = FALSE
	EndGlobalSection
	GlobalSection(ExtensibilityGlobals) = postSolution
		SolutionGuid = {656708AE-95A4-4744-95C1-AF38D02FEEFA}
	EndGlobalSection
EndGlobal
